// !$*UTF8*$!
{
	archiveVersion = 1;
	classes = {
	};
	objectVersion = 46;
	objects = {

/* Begin PBXBuildFile section */
		E322995016D809AC00E6C433 /* Butterfly.jpeg in Resources */ = {isa = PBXBuildFile; fileRef = E322994F16D809AC00E6C433 /* Butterfly.jpeg */; };
		E32D8EB816C9385700E675BC /* UIKit.framework in Frameworks */ = {isa = PBXBuildFile; fileRef = E32D8EB716C9385700E675BC /* UIKit.framework */; };
		E32D8EBA16C9385800E675BC /* Foundation.framework in Frameworks */ = {isa = PBXBuildFile; fileRef = E32D8EB916C9385800E675BC /* Foundation.framework */; };
		E32D8EBC16C9385800E675BC /* CoreGraphics.framework in Frameworks */ = {isa = PBXBuildFile; fileRef = E32D8EBB16C9385800E675BC /* CoreGraphics.framework */; };
		E32D8EC216C9385800E675BC /* InfoPlist.strings in Resources */ = {isa = PBXBuildFile; fileRef = E32D8EC016C9385800E675BC /* InfoPlist.strings */; };
		E32D8EC416C9385800E675BC /* main.m in Sources */ = {isa = PBXBuildFile; fileRef = E32D8EC316C9385800E675BC /* main.m */; };
		E32D8EC816C9385800E675BC /* CardGameAppDelegate.m in Sources */ = {isa = PBXBuildFile; fileRef = E32D8EC716C9385800E675BC /* CardGameAppDelegate.m */; };
		E32D8ECA16C9385800E675BC /* Default.png in Resources */ = {isa = PBXBuildFile; fileRef = E32D8EC916C9385800E675BC /* Default.png */; };
		E32D8ECC16C9385800E675BC /* Default@2x.png in Resources */ = {isa = PBXBuildFile; fileRef = E32D8ECB16C9385800E675BC /* Default@2x.png */; };
		E32D8ECE16C9385800E675BC /* Default-568h@2x.png in Resources */ = {isa = PBXBuildFile; fileRef = E32D8ECD16C9385800E675BC /* Default-568h@2x.png */; };
		E32D8ED116C9385800E675BC /* MainStoryboard.storyboard in Resources */ = {isa = PBXBuildFile; fileRef = E32D8ECF16C9385800E675BC /* MainStoryboard.storyboard */; };
		E32D8ED416C9385800E675BC /* CardGameViewController.m in Sources */ = {isa = PBXBuildFile; fileRef = E32D8ED316C9385800E675BC /* CardGameViewController.m */; };
		E32D8EDC16C9430900E675BC /* Card.m in Sources */ = {isa = PBXBuildFile; fileRef = E32D8EDB16C9430900E675BC /* Card.m */; };
		E32D8EE016C9438900E675BC /* Deck.m in Sources */ = {isa = PBXBuildFile; fileRef = E32D8EDF16C9438900E675BC /* Deck.m */; };
		E32D8EE316CA2E7E00E675BC /* PlayingCard.m in Sources */ = {isa = PBXBuildFile; fileRef = E32D8EE216CA2E7E00E675BC /* PlayingCard.m */; };
		E32D8EE616CA367800E675BC /* PlayingCardDeck.m in Sources */ = {isa = PBXBuildFile; fileRef = E32D8EE516CA367800E675BC /* PlayingCardDeck.m */; };
		E3678EAB16CCEC6D005125C0 /* CardMatchingGame.m in Sources */ = {isa = PBXBuildFile; fileRef = E3678EAA16CCEC6D005125C0 /* CardMatchingGame.m */; };
/* End PBXBuildFile section */

/* Begin PBXFileReference section */
		E322994F16D809AC00E6C433 /* Butterfly.jpeg */ = {isa = PBXFileReference; lastKnownFileType = image.jpeg; path = Butterfly.jpeg; sourceTree = "<group>"; };
		E32D8EB416C9385700E675BC /* Matchismo.app */ = {isa = PBXFileReference; explicitFileType = wrapper.application; includeInIndex = 0; path = Matchismo.app; sourceTree = BUILT_PRODUCTS_DIR; };
		E32D8EB716C9385700E675BC /* UIKit.framework */ = {isa = PBXFileReference; lastKnownFileType = wrapper.framework; name = UIKit.framework; path = System/Library/Frameworks/UIKit.framework; sourceTree = SDKROOT; };
		E32D8EB916C9385800E675BC /* Foundation.framework */ = {isa = PBXFileReference; lastKnownFileType = wrapper.framework; name = Foundation.framework; path = System/Library/Frameworks/Foundation.framework; sourceTree = SDKROOT; };
		E32D8EBB16C9385800E675BC /* CoreGraphics.framework */ = {isa = PBXFileReference; lastKnownFileType = wrapper.framework; name = CoreGraphics.framework; path = System/Library/Frameworks/CoreGraphics.framework; sourceTree = SDKROOT; };
		E32D8EBF16C9385800E675BC /* Matchismo-Info.plist */ = {isa = PBXFileReference; lastKnownFileType = text.plist.xml; path = "Matchismo-Info.plist"; sourceTree = "<group>"; };
		E32D8EC116C9385800E675BC /* en */ = {isa = PBXFileReference; lastKnownFileType = text.plist.strings; name = en; path = en.lproj/InfoPlist.strings; sourceTree = "<group>"; };
		E32D8EC316C9385800E675BC /* main.m */ = {isa = PBXFileReference; lastKnownFileType = sourcecode.c.objc; path = main.m; sourceTree = "<group>"; };
		E32D8EC516C9385800E675BC /* Matchismo-Prefix.pch */ = {isa = PBXFileReference; lastKnownFileType = sourcecode.c.h; path = "Matchismo-Prefix.pch"; sourceTree = "<group>"; };
		E32D8EC616C9385800E675BC /* CardGameAppDelegate.h */ = {isa = PBXFileReference; lastKnownFileType = sourcecode.c.h; path = CardGameAppDelegate.h; sourceTree = "<group>"; };
		E32D8EC716C9385800E675BC /* CardGameAppDelegate.m */ = {isa = PBXFileReference; lastKnownFileType = sourcecode.c.objc; path = CardGameAppDelegate.m; sourceTree = "<group>"; };
		E32D8EC916C9385800E675BC /* Default.png */ = {isa = PBXFileReference; lastKnownFileType = image.png; path = Default.png; sourceTree = "<group>"; };
		E32D8ECB16C9385800E675BC /* Default@2x.png */ = {isa = PBXFileReference; lastKnownFileType = image.png; path = "Default@2x.png"; sourceTree = "<group>"; };
		E32D8ECD16C9385800E675BC /* Default-568h@2x.png */ = {isa = PBXFileReference; lastKnownFileType = image.png; path = "Default-568h@2x.png"; sourceTree = "<group>"; };
		E32D8ED016C9385800E675BC /* en */ = {isa = PBXFileReference; lastKnownFileType = file.storyboard; name = en; path = en.lproj/MainStoryboard.storyboard; sourceTree = "<group>"; };
		E32D8ED216C9385800E675BC /* CardGameViewController.h */ = {isa = PBXFileReference; lastKnownFileType = sourcecode.c.h; path = CardGameViewController.h; sourceTree = "<group>"; };
		E32D8ED316C9385800E675BC /* CardGameViewController.m */ = {isa = PBXFileReference; lastKnownFileType = sourcecode.c.objc; path = CardGameViewController.m; sourceTree = "<group>"; };
		E32D8EDA16C9430900E675BC /* Card.h */ = {isa = PBXFileReference; fileEncoding = 4; lastKnownFileType = sourcecode.c.h; path = Card.h; sourceTree = "<group>"; };
		E32D8EDB16C9430900E675BC /* Card.m */ = {isa = PBXFileReference; fileEncoding = 4; lastKnownFileType = sourcecode.c.objc; path = Card.m; sourceTree = "<group>"; };
		E32D8EDE16C9438900E675BC /* Deck.h */ = {isa = PBXFileReference; fileEncoding = 4; lastKnownFileType = sourcecode.c.h; path = Deck.h; sourceTree = "<group>"; };
		E32D8EDF16C9438900E675BC /* Deck.m */ = {isa = PBXFileReference; fileEncoding = 4; lastKnownFileType = sourcecode.c.objc; path = Deck.m; sourceTree = "<group>"; };
		E32D8EE116CA2E7E00E675BC /* PlayingCard.h */ = {isa = PBXFileReference; fileEncoding = 4; lastKnownFileType = sourcecode.c.h; path = PlayingCard.h; sourceTree = "<group>"; };
		E32D8EE216CA2E7E00E675BC /* PlayingCard.m */ = {isa = PBXFileReference; fileEncoding = 4; lastKnownFileType = sourcecode.c.objc; path = PlayingCard.m; sourceTree = "<group>"; };
		E32D8EE416CA367800E675BC /* PlayingCardDeck.h */ = {isa = PBXFileReference; fileEncoding = 4; lastKnownFileType = sourcecode.c.h; path = PlayingCardDeck.h; sourceTree = "<group>"; };
		E32D8EE516CA367800E675BC /* PlayingCardDeck.m */ = {isa = PBXFileReference; fileEncoding = 4; lastKnownFileType = sourcecode.c.objc; path = PlayingCardDeck.m; sourceTree = "<group>"; };
		E3678EA916CCEC6D005125C0 /* CardMatchingGame.h */ = {isa = PBXFileReference; fileEncoding = 4; lastKnownFileType = sourcecode.c.h; path = CardMatchingGame.h; sourceTree = "<group>"; };
		E3678EAA16CCEC6D005125C0 /* CardMatchingGame.m */ = {isa = PBXFileReference; fileEncoding = 4; lastKnownFileType = sourcecode.c.objc; path = CardMatchingGame.m; sourceTree = "<group>"; };
/* End PBXFileReference section */

/* Begin PBXFrameworksBuildPhase section */
		E32D8EB116C9385700E675BC /* Frameworks */ = {
			isa = PBXFrameworksBuildPhase;
			buildActionMask = 2147483647;
			files = (
				E32D8EB816C9385700E675BC /* UIKit.framework in Frameworks */,
				E32D8EBA16C9385800E675BC /* Foundation.framework in Frameworks */,
				E32D8EBC16C9385800E675BC /* CoreGraphics.framework in Frameworks */,
			);
			runOnlyForDeploymentPostprocessing = 0;
		};
/* End PBXFrameworksBuildPhase section */

/* Begin PBXGroup section */
		E321750616CA67E600C47D42 /* Controller */ = {
			isa = PBXGroup;
			children = (
				E32D8ED216C9385800E675BC /* CardGameViewController.h */,
				E32D8ED316C9385800E675BC /* CardGameViewController.m */,
			);
			name = Controller;
			sourceTree = "<group>";
		};
		E321750716CA67ED00C47D42 /* View */ = {
			isa = PBXGroup;
			children = (
				E32D8ECF16C9385800E675BC /* MainStoryboard.storyboard */,
			);
			name = View;
			sourceTree = "<group>";
		};
		E32D8EAB16C9385700E675BC = {
			isa = PBXGroup;
			children = (
				E32D8EBD16C9385800E675BC /* Matchismo */,
				E32D8EB616C9385700E675BC /* Frameworks */,
				E32D8EB516C9385700E675BC /* Products */,
			);
			sourceTree = "<group>";
		};
		E32D8EB516C9385700E675BC /* Products */ = {
			isa = PBXGroup;
			children = (
				E32D8EB416C9385700E675BC /* Matchismo.app */,
			);
			name = Products;
			sourceTree = "<group>";
		};
		E32D8EB616C9385700E675BC /* Frameworks */ = {
			isa = PBXGroup;
			children = (
				E32D8EB716C9385700E675BC /* UIKit.framework */,
				E32D8EB916C9385800E675BC /* Foundation.framework */,
				E32D8EBB16C9385800E675BC /* CoreGraphics.framework */,
			);
			name = Frameworks;
			sourceTree = "<group>";
		};
		E32D8EBD16C9385800E675BC /* Matchismo */ = {
			isa = PBXGroup;
			children = (
				E321750716CA67ED00C47D42 /* View */,
				E32D8EDD16C9431500E675BC /* Model */,
				E321750616CA67E600C47D42 /* Controller */,
				E32D8EBE16C9385800E675BC /* Supporting Files */,
			);
			path = Matchismo;
			sourceTree = "<group>";
		};
		E32D8EBE16C9385800E675BC /* Supporting Files */ = {
			isa = PBXGroup;
			children = (
				E322994F16D809AC00E6C433 /* Butterfly.jpeg */,
				E32D8EC616C9385800E675BC /* CardGameAppDelegate.h */,
				E32D8EC716C9385800E675BC /* CardGameAppDelegate.m */,
				E32D8EBF16C9385800E675BC /* Matchismo-Info.plist */,
				E32D8EC016C9385800E675BC /* InfoPlist.strings */,
				E32D8EC316C9385800E675BC /* main.m */,
				E32D8EC516C9385800E675BC /* Matchismo-Prefix.pch */,
				E32D8EC916C9385800E675BC /* Default.png */,
				E32D8ECB16C9385800E675BC /* Default@2x.png */,
				E32D8ECD16C9385800E675BC /* Default-568h@2x.png */,
			);
			name = "Supporting Files";
			sourceTree = "<group>";
		};
		E32D8EDD16C9431500E675BC /* Model */ = {
			isa = PBXGroup;
			children = (
				E32D8EDA16C9430900E675BC /* Card.h */,
				E32D8EDB16C9430900E675BC /* Card.m */,
				E32D8EE116CA2E7E00E675BC /* PlayingCard.h */,
				E32D8EE216CA2E7E00E675BC /* PlayingCard.m */,
				E32D8EDE16C9438900E675BC /* Deck.h */,
				E32D8EDF16C9438900E675BC /* Deck.m */,
				E32D8EE416CA367800E675BC /* PlayingCardDeck.h */,
				E32D8EE516CA367800E675BC /* PlayingCardDeck.m */,
				E3678EA916CCEC6D005125C0 /* CardMatchingGame.h */,
				E3678EAA16CCEC6D005125C0 /* CardMatchingGame.m */,
			);
			name = Model;
			sourceTree = "<group>";
		};
/* End PBXGroup section */

/* Begin PBXNativeTarget section */
		E32D8EB316C9385700E675BC /* Matchismo */ = {
			isa = PBXNativeTarget;
			buildConfigurationList = E32D8ED716C9385800E675BC /* Build configuration list for PBXNativeTarget "Matchismo" */;
			buildPhases = (
				E32D8EB016C9385700E675BC /* Sources */,
				E32D8EB116C9385700E675BC /* Frameworks */,
				E32D8EB216C9385700E675BC /* Resources */,
			);
			buildRules = (
			);
			dependencies = (
			);
			name = Matchismo;
			productName = Matchismo;
			productReference = E32D8EB416C9385700E675BC /* Matchismo.app */;
			productType = "com.apple.product-type.application";
		};
/* End PBXNativeTarget section */

/* Begin PBXProject section */
		E32D8EAC16C9385700E675BC /* Project object */ = {
			isa = PBXProject;
			attributes = {
				CLASSPREFIX = CardGame;
				LastUpgradeCheck = 0460;
				ORGANIZATIONNAME = "AM2 Consulting BVBA";
			};
			buildConfigurationList = E32D8EAF16C9385700E675BC /* Build configuration list for PBXProject "Matchismo" */;
			compatibilityVersion = "Xcode 3.2";
			developmentRegion = English;
			hasScannedForEncodings = 0;
			knownRegions = (
				en,
			);
			mainGroup = E32D8EAB16C9385700E675BC;
			productRefGroup = E32D8EB516C9385700E675BC /* Products */;
			projectDirPath = "";
			projectRoot = "";
			targets = (
				E32D8EB316C9385700E675BC /* Matchismo */,
			);
		};
/* End PBXProject section */

/* Begin PBXResourcesBuildPhase section */
		E32D8EB216C9385700E675BC /* Resources */ = {
			isa = PBXResourcesBuildPhase;
			buildActionMask = 2147483647;
			files = (
				E32D8EC216C9385800E675BC /* InfoPlist.strings in Resources */,
				E32D8ECA16C9385800E675BC /* Default.png in Resources */,
				E32D8ECC16C9385800E675BC /* Default@2x.png in Resources */,
				E32D8ECE16C9385800E675BC /* Default-568h@2x.png in Resources */,
				E32D8ED116C9385800E675BC /* MainStoryboard.storyboard in Resources */,
				E322995016D809AC00E6C433 /* Butterfly.jpeg in Resources */,
			);
			runOnlyForDeploymentPostprocessing = 0;
		};
/* End PBXResourcesBuildPhase section */

/* Begin PBXSourcesBuildPhase section */
		E32D8EB016C9385700E675BC /* Sources */ = {
			isa = PBXSourcesBuildPhase;
			buildActionMask = 2147483647;
			files = (
				E32D8EC416C9385800E675BC /* main.m in Sources */,
				E32D8EC816C9385800E675BC /* CardGameAppDelegate.m in Sources */,
				E32D8ED416C9385800E675BC /* CardGameViewController.m in Sources */,
				E32D8EDC16C9430900E675BC /* Card.m in Sources */,
				E32D8EE016C9438900E675BC /* Deck.m in Sources */,
				E32D8EE316CA2E7E00E675BC /* PlayingCard.m in Sources */,
				E32D8EE616CA367800E675BC /* PlayingCardDeck.m in Sources */,
				E3678EAB16CCEC6D005125C0 /* CardMatchingGame.m in Sources */,
			);
			runOnlyForDeploymentPostprocessing = 0;
		};
/* End PBXSourcesBuildPhase section */

/* Begin PBXVariantGroup section */
		E32D8EC016C9385800E675BC /* InfoPlist.strings */ = {
			isa = PBXVariantGroup;
			children = (
				E32D8EC116C9385800E675BC /* en */,
			);
			name = InfoPlist.strings;
			sourceTree = "<group>";
		};
		E32D8ECF16C9385800E675BC /* MainStoryboard.storyboard */ = {
			isa = PBXVariantGroup;
			children = (
				E32D8ED016C9385800E675BC /* en */,
			);
			name = MainStoryboard.storyboard;
			sourceTree = "<group>";
		};
/* End PBXVariantGroup section */

/* Begin XCBuildConfiguration section */
		E32D8ED516C9385800E675BC /* Debug */ = {
			isa = XCBuildConfiguration;
			buildSettings = {
				ALWAYS_SEARCH_USER_PATHS = NO;
				CLANG_CXX_LANGUAGE_STANDARD = "gnu++0x";
				CLANG_CXX_LIBRARY = "libc++";
				CLANG_ENABLE_OBJC_ARC = YES;
				CLANG_WARN_CONSTANT_CONVERSION = YES;
				CLANG_WARN_EMPTY_BODY = YES;
				CLANG_WARN_ENUM_CONVERSION = YES;
				CLANG_WARN_INT_CONVERSION = YES;
				CLANG_WARN__DUPLICATE_METHOD_MATCH = YES;
				"CODE_SIGN_IDENTITY[sdk=iphoneos*]" = "iPhone Developer";
				COPY_PHASE_STRIP = NO;
				GCC_C_LANGUAGE_STANDARD = gnu99;
				GCC_DYNAMIC_NO_PIC = NO;
				GCC_OPTIMIZATION_LEVEL = 0;
				GCC_PREPROCESSOR_DEFINITIONS = (
					"DEBUG=1",
					"$(inherited)",
				);
				GCC_SYMBOLS_PRIVATE_EXTERN = NO;
				GCC_WARN_ABOUT_RETURN_TYPE = YES;
				GCC_WARN_UNINITIALIZED_AUTOS = YES;
				GCC_WARN_UNUSED_VARIABLE = YES;
				IPHONEOS_DEPLOYMENT_TARGET = 6.1;
				ONLY_ACTIVE_ARCH = YES;
				SDKROOT = iphoneos;
			};
			name = Debug;
		};
		E32D8ED616C9385800E675BC /* Release */ = {
			isa = XCBuildConfiguration;
			buildSettings = {
				ALWAYS_SEARCH_USER_PATHS = NO;
				CLANG_CXX_LANGUAGE_STANDARD = "gnu++0x";
				CLANG_CXX_LIBRARY = "libc++";
				CLANG_ENABLE_OBJC_ARC = YES;
				CLANG_WARN_CONSTANT_CONVERSION = YES;
				CLANG_WARN_EMPTY_BODY = YES;
				CLANG_WARN_ENUM_CONVERSION = YES;
				CLANG_WARN_INT_CONVERSION = YES;
				CLANG_WARN__DUPLICATE_METHOD_MATCH = YES;
				"CODE_SIGN_IDENTITY[sdk=iphoneos*]" = "iPhone Developer";
				COPY_PHASE_STRIP = YES;
				GCC_C_LANGUAGE_STANDARD = gnu99;
				GCC_WARN_ABOUT_RETURN_TYPE = YES;
				GCC_WARN_UNINITIALIZED_AUTOS = YES;
				GCC_WARN_UNUSED_VARIABLE = YES;
				IPHONEOS_DEPLOYMENT_TARGET = 6.1;
				OTHER_CFLAGS = "-DNS_BLOCK_ASSERTIONS=1";
				SDKROOT = iphoneos;
				VALIDATE_PRODUCT = YES;
			};
			name = Release;
		};
		E32D8ED816C9385800E675BC /* Debug */ = {
			isa = XCBuildConfiguration;
			buildSettings = {
				GCC_PRECOMPILE_PREFIX_HEADER = YES;
				GCC_PREFIX_HEADER = "Matchismo/Matchismo-Prefix.pch";
				INFOPLIST_FILE = "Matchismo/Matchismo-Info.plist";
				PRODUCT_NAME = "$(TARGET_NAME)";
				WRAPPER_EXTENSION = app;
			};
			name = Debug;
		};
		E32D8ED916C9385800E675BC /* Release */ = {
			isa = XCBuildConfiguration;
			buildSettings = {
				GCC_PRECOMPILE_PREFIX_HEADER = YES;
				GCC_PREFIX_HEADER = "Matchismo/Matchismo-Prefix.pch";
				INFOPLIST_FILE = "Matchismo/Matchismo-Info.plist";
				PRODUCT_NAME = "$(TARGET_NAME)";
				WRAPPER_EXTENSION = app;
			};
			name = Release;
		};
/* End XCBuildConfiguration section */

/* Begin XCConfigurationList section */
		E32D8EAF16C9385700E675BC /* Build configuration list for PBXProject "Matchismo" */ = {
			isa = XCConfigurationList;
			buildConfigurations = (
				E32D8ED516C9385800E675BC /* Debug */,
				E32D8ED616C9385800E675BC /* Release */,
			);
			defaultConfigurationIsVisible = 0;
			defaultConfigurationName = Release;
		};
		E32D8ED716C9385800E675BC /* Build configuration list for PBXNativeTarget "Matchismo" */ = {
			isa = XCConfigurationList;
			buildConfigurations = (
				E32D8ED816C9385800E675BC /* Debug */,
				E32D8ED916C9385800E675BC /* Release */,
			);
			defaultConfigurationIsVisible = 0;
			defaultConfigurationName = Release;
		};
/* End XCConfigurationList section */
	};
	rootObject = E32D8EAC16C9385700E675BC /* Project object */;
}
